
Microsoft Visual Studio Solution File, Format Version 12.00
# Visual Studio Version 16
VisualStudioVersion = 16.0.30011.22
MinimumVisualStudioVersion = 10.0.40219.1
Project("{FAE04EC0-301F-11D3-BF4B-00C04F79EFBC}") = "reCaptchav3", "reCaptcha-v3\reCaptchav3.csproj", "{FD8EA238-246C-4D79-B33E-F71E49B6B45E}"
EndProject
Project("{FAE04EC0-301F-11D3-BF4B-00C04F79EFBC}") = "reCaptchav3.Repository", "Services\reCaptchav3.Repository.csproj", "{141FF50B-1153-4171-AB0D-39F90C96E8EF}"
EndProject
Global
	GlobalSection(SolutionConfigurationPlatforms) = preSolution
		Debug|Any CPU = Debug|Any CPU
		Release|Any CPU = Release|Any CPU
	EndGlobalSection
	GlobalSection(ProjectConfigurationPlatforms) = postSolution
		{FD8EA238-246C-4D79-B33E-F71E49B6B45E}.Debug|Any CPU.ActiveCfg = Debug|Any CPU
		{FD8EA238-246C-4D79-B33E-F71E49B6B45E}.Debug|Any CPU.Build.0 = Debug|Any CPU
		{FD8EA238-246C-4D79-B33E-F71E49B6B45E}.Release|Any CPU.ActiveCfg = Release|Any CPU
		{FD8EA238-246C-4D79-B33E-F71E49B6B45E}.Release|Any CPU.Build.0 = Release|Any CPU
		{141FF50B-1153-4171-AB0D-39F90C96E8EF}.Debug|Any CPU.ActiveCfg = Debug|Any CPU
		{141FF50B-1153-4171-AB0D-39F90C96E8EF}.Debug|Any CPU.Build.0 = Debug|Any CPU
		{141FF50B-1153-4171-AB0D-39F90C96E8EF}.Release|Any CPU.ActiveCfg = Release|Any CPU
		{141FF50B-1153-4171-AB0D-39F90C96E8EF}.Release|Any CPU.Build.0 = Release|Any CPU
	EndGlobalSection
	GlobalSection(SolutionProperties) = preSolution
		HideSolutionNode = FALSE
	EndGlobalSection
	GlobalSection(ExtensibilityGlobals) = postSolution
		SolutionGuid = {8A8F5065-BD6D-4960-908E-6F273E5D6D78}
	EndGlobalSection
EndGlobal
